# This file is autogenerated, do not edit; changes may be undone by the next 'dep ensure'.


[[projects]]
  digest = "1:c166378e8ab0f794f293dfb941d250dd70b035b05dec58879f717621d0fe1714"
  name = "github.com/deckarep/golang-set"
  packages = ["."]
  pruneopts = "UT"
  revision = "1d4478f51bed434f1dadf96dcd9b43aabac66795"
  version = "v1.7"

[[projects]]
  digest = "1:4428e3c0459d637200eaf72fc182c8ba1b0e9f483c1add107e0adf04462fe218"
  name = "github.com/jszwec/csvutil"
  packages = ["."]
  pruneopts = "UT"
  revision = "a1d594581fc9093888eb84bb1fa98fe9940d45cd"
  version = "v1.2.0"

[[projects]]
  digest = "1:cdb899c199f907ac9fb50495ec71212c95cb5b0e0a8ee0800da0238036091033"
  name = "github.com/mattn/go-runewidth"
  packages = ["."]
  pruneopts = "UT"
  revision = "ce7b0b5c7b45a81508558cd1dba6bb1e4ddb51bb"
  version = "v0.0.3"

[[projects]]
  digest = "1:b3126a5e167f640c5943eb641489baec30bbbb995a9741b905d7c05239412d4b"
  name = "github.com/mingrammer/commonregex"
  packages = ["."]
  pruneopts = "UT"
  revision = "6565f25cf48f171541d423805a62917ea02f7d65"
  version = "v1.0.0"

[[projects]]
  digest = "1:246ab598a22ea9d50f46e65f655f78161a19822f6597268b02f04af998684807"
  name = "github.com/montanaflynn/stats"
  packages = ["."]
  pruneopts = "UT"
  revision = "1bf9dbcd8cbe1fdb75add3785b1d4a9a646269ab"
  version = "0.3.0"

[[projects]]
  branch = "master"
  digest = "1:f611266e3ac01ab4adb6f1d67f6c1be82998d02f452faff450596658712d860b"
  name = "github.com/olekukonko/tablewriter"
  packages = ["."]
  pruneopts = "UT"
  revision = "be2c049b30ccd4d3fd795d6bf7dce74e42eeedaa"

[[projects]]
  branch = "master"
  digest = "1:85ceb7046447e3f5cf21c621ec137b23eb8d02ae9b585dd5c22d65543a0f3020"
  name = "github.com/xrash/smetrics"
  packages = ["."]
  pruneopts = "UT"
  revision = "a3153f7040e90324c58c6287535e26a0ac5c1cc1"

[[projects]]
  branch = "master"
  digest = "1:618b42fe04e97884c08d525f137d5a49921032634e147277cf25923506a5906e"
  name = "gonum.org/v1/gonum"
  packages = [
    "blas",
    "blas/blas64",
    "blas/gonum",
    "floats",
    "internal/asm/c128",
    "internal/asm/f32",
    "internal/asm/f64",
    "internal/math32",
    "lapack",
    "lapack/gonum",
    "lapack/lapack64",
    "mat",
  ]
  pruneopts = "UT"
  revision = "95e9db9a70fd50632d7723641395d92a1f134d06"

[[projects]]
  branch = "v2"
  digest = "1:ff398a1169e0ad11c0537c341fcbc9b4be7e34143886b34352ff1005d45b3ab4"
  name = "gopkg.in/jdkato/prose.v2"
  packages = ["."]
  pruneopts = "UT"
  revision = "767a23049b9e59ef675496a9406a1e456bc5ad6e"

[[projects]]
  digest = "1:85b60f4403e2aae0eee2ac2ba50e4124dea766b582c6ec0d94fb1335d9c0d16e"
  name = "gopkg.in/neurosnap/sentences.v1"
  packages = [
    ".",
    "data",
  ]
  pruneopts = "UT"
  revision = "a7f18ead1433a139742a8b42ce7a059cfb484d60"
  version = "v1.0.6"

[solve-meta]
  analyzer-name = "dep"
  analyzer-version = 1
  input-imports = [
    "github.com/jszwec/csvutil",
    "github.com/olekukonko/tablewriter",
    "github.com/xrash/smetrics",
    "gopkg.in/jdkato/prose.v2",
  ]
  solver-name = "gps-cdcl"
  solver-version = 1
